// !$*UTF8*$!
{
	archiveVersion = 1;
	classes = {
	};
	objectVersion = 60;
	objects = {

/* Begin PBXBuildFile section */
		2A1D4D1A2C9C000100000001 /* MiniTodoiOS/MiniTodoApp.swift in Sources */ = {isa = PBXBuildFile; fileRef = 2A1D4D1A2C9C000100000011 /* MiniTodoiOS/MiniTodoApp.swift */; };
		2A1D4D1A2C9C000100000002 /* MiniTodoiOS/ContentView.swift in Sources */ = {isa = PBXBuildFile; fileRef = 2A1D4D1A2C9C000100000012 /* MiniTodoiOS/ContentView.swift */; };
		2A1D4D1A2C9C000100000003 /* MiniTodoiOS/TodoItem.swift in Sources */ = {isa = PBXBuildFile; fileRef = 2A1D4D1A2C9C000100000013 /* MiniTodoiOS/TodoItem.swift */; };
		2A1D4D1A2C9C000100000004 /* MiniTodoiOS/TodoStore.swift in Sources */ = {isa = PBXBuildFile; fileRef = 2A1D4D1A2C9C000100000014 /* MiniTodoiOS/TodoStore.swift */; };
/* End PBXBuildFile section */

/* Begin PBXFileReference section */
		2A1D4D1A2C9C000100000010 /* MiniTodo.app */ = {isa = PBXFileReference; explicitFileType = wrapper.application; includeInIndex = 0; path = MiniTodo.app; sourceTree = BUILT_PRODUCTS_DIR; };
		2A1D4D1A2C9C000100000011 /* MiniTodoiOS/MiniTodoApp.swift */ = {isa = PBXFileReference; lastKnownFileType = sourcecode.swift; path = MiniTodoiOS/MiniTodoApp.swift; sourceTree = SOURCE_ROOT; };
		2A1D4D1A2C9C000100000012 /* MiniTodoiOS/ContentView.swift */ = {isa = PBXFileReference; lastKnownFileType = sourcecode.swift; path = MiniTodoiOS/ContentView.swift; sourceTree = SOURCE_ROOT; };
		2A1D4D1A2C9C000100000013 /* MiniTodoiOS/TodoItem.swift */ = {isa = PBXFileReference; lastKnownFileType = sourcecode.swift; path = MiniTodoiOS/TodoItem.swift; sourceTree = SOURCE_ROOT; };
		2A1D4D1A2C9C000100000014 /* MiniTodoiOS/TodoStore.swift */ = {isa = PBXFileReference; lastKnownFileType = sourcecode.swift; path = MiniTodoiOS/TodoStore.swift; sourceTree = SOURCE_ROOT; };
		2A1D4D1A2C9C000100000015 /* MiniTodoiOS/Info.plist */ = {isa = PBXFileReference; lastKnownFileType = text.plist.xml; path = MiniTodoiOS/Info.plist; sourceTree = SOURCE_ROOT; };
/* End PBXFileReference section */

/* Begin PBXFrameworksBuildPhase section */
		2A1D4D1A2C9C000100000020 /* Frameworks */ = {
			isa = PBXFrameworksBuildPhase;
			buildActionMask = 2147483647;
			files = (
			);
			runOnlyForDeploymentPostprocessing = 0;
		};
/* End PBXFrameworksBuildPhase section */

/* Begin PBXGroup section */
		2A1D4D1A2C9C000100000030 = {
			isa = PBXGroup;
			children = (
				2A1D4D1A2C9C000100000031 /* MiniTodoiOS */,
				2A1D4D1A2C9C000100000032 /* Products */,
			);
			sourceTree = "<group>";
		};
		2A1D4D1A2C9C000100000031 /* MiniTodoiOS */ = {
			isa = PBXGroup;
			children = (
				2A1D4D1A2C9C000100000011 /* MiniTodoiOS/MiniTodoApp.swift */,
				2A1D4D1A2C9C000100000012 /* MiniTodoiOS/ContentView.swift */,
				2A1D4D1A2C9C000100000013 /* MiniTodoiOS/TodoItem.swift */,
				2A1D4D1A2C9C000100000014 /* MiniTodoiOS/TodoStore.swift */,
				2A1D4D1A2C9C000100000015 /* MiniTodoiOS/Info.plist */,
			);
			path = MiniTodoiOS;
			sourceTree = "<group>";
		};
		2A1D4D1A2C9C000100000032 /* Products */ = {
			isa = PBXGroup;
			children = (
				2A1D4D1A2C9C000100000010 /* MiniTodo.app */,
			);
			name = Products;
			sourceTree = "<group>";
		};
/* End PBXGroup section */

/* Begin PBXNativeTarget section */
		2A1D4D1A2C9C000100000040 /* MiniTodo */ = {
			isa = PBXNativeTarget;
			buildConfigurationList = 2A1D4D1A2C9C000100000060 /* Build configuration list for PBXNativeTarget "MiniTodo" */;
			buildPhases = (
				2A1D4D1A2C9C000100000050 /* Sources */,
				2A1D4D1A2C9C000100000020 /* Frameworks */,
			);
			buildRules = (
			);
			dependencies = (
			);
			name = MiniTodo;
			productName = MiniTodo;
			productReference = 2A1D4D1A2C9C000100000010 /* MiniTodo.app */;
			productType = "com.apple.product-type.application";
		};
/* End PBXNativeTarget section */

/* Begin PBXProject section */
		2A1D4D1A2C9C000100000070 /* Project object */ = {
			isa = PBXProject;
			attributes = {
				BuildIndependentTargetsInParallel = 1;
				LastSwiftUpdateCheck = 2630;
				LastUpgradeCheck = 2630;
				TargetAttributes = {
					2A1D4D1A2C9C000100000040 = {
						CreatedOnToolsVersion = 26.3.2;
					};
				};
			};
			buildConfigurationList = 2A1D4D1A2C9C000100000080 /* Build configuration list for PBXProject "MiniTodo" */;
			compatibilityVersion = "Xcode 15.0";
			developmentRegion = en;
			hasScannedForEncodings = 0;
			knownRegions = (
				en,
				Base,
			);
			mainGroup = 2A1D4D1A2C9C000100000030;
			productRefGroup = 2A1D4D1A2C9C000100000032 /* Products */;
			projectDirPath = "";
			projectRoot = "";
			targets = (
				2A1D4D1A2C9C000100000040 /* MiniTodo */,
			);
		};
/* End PBXProject section */

/* Begin PBXSourcesBuildPhase section */
		2A1D4D1A2C9C000100000050 /* Sources */ = {
			isa = PBXSourcesBuildPhase;
			buildActionMask = 2147483647;
			files = (
				2A1D4D1A2C9C000100000001 /* MiniTodoiOS/MiniTodoApp.swift in Sources */,
				2A1D4D1A2C9C000100000002 /* MiniTodoiOS/ContentView.swift in Sources */,
				2A1D4D1A2C9C000100000003 /* MiniTodoiOS/TodoItem.swift in Sources */,
				2A1D4D1A2C9C000100000004 /* MiniTodoiOS/TodoStore.swift in Sources */,
			);
			runOnlyForDeploymentPostprocessing = 0;
		};
/* End PBXSourcesBuildPhase section */

/* Begin XCBuildConfiguration section */
		2A1D4D1A2C9C000100000090 /* Debug */ = {
			isa = XCBuildConfiguration;
			buildSettings = {
				ALWAYS_SEARCH_USER_PATHS = NO;
				CLANG_ENABLE_MODULES = YES;
				CLANG_ENABLE_OBJC_ARC = YES;
				CLANG_WARN_DOCUMENTATION_COMMENTS = YES;
				CLANG_WARN_EMPTY_BODY = YES;
				CLANG_WARN_INT_CONVERSION = YES;
				CLANG_WARN_NON_LITERAL_NULL_CONVERSION = YES;
				CLANG_WARN_OBJC_ROOT_CLASS = YES_ERROR;
				CLANG_WARN_QUOTED_INCLUDE_IN_FRAMEWORK_HEADER = YES;
				CLANG_WARN_STRICT_PROTOTYPES = YES;
				COPY_PHASE_STRIP = NO;
				DEAD_CODE_STRIPPING = NO;
				DEBUG_INFORMATION_FORMAT = dwarf;
				DEVELOPMENT_TEAM = "";
				ENABLE_STRICT_OBJC_MSGSEND = YES;
				ENABLE_TESTABILITY = YES;
				GCC_C_LANGUAGE_STANDARD = gnu11;
				GCC_NO_COMMON_BLOCKS = YES;
				GCC_WARN_64_TO_32_BIT_CONVERSION = YES;
				GCC_WARN_ABOUT_RETURN_TYPE = YES_ERROR;
				GCC_WARN_UNDECLARED_SELECTOR = YES;
				GCC_WARN_UNINITIALIZED_AUTOS = YES_AGGRESSIVE;
				GCC_WARN_UNUSED_FUNCTION = YES;
				GCC_WARN_UNUSED_VARIABLE = YES;
				GENERATE_INFOPLIST_FILE = NO;
				INFOPLIST_FILE = MiniTodoiOS/Info.plist;
				IPHONEOS_DEPLOYMENT_TARGET = 16.0;
				MTL_ENABLE_DEBUG_INFO = INCLUDE_SOURCE;
				ONLY_ACTIVE_ARCH = YES;
				PRODUCT_BUNDLE_IDENTIFIER = com.franciscoperez.MiniTodo;
				PRODUCT_NAME = MiniTodo;
				SDKROOT = iphoneos;
				SUPPORTED_PLATFORMS = "iphoneos iphonesimulator";
				SWIFT_ACTIVE_COMPILATION_CONDITIONS = DEBUG;
				SWIFT_OPTIMIZATION_LEVEL = "-Onone";
				SWIFT_VERSION = 6.0;
				TARGETED_DEVICE_FAMILY = 1;
			};
			name = Debug;
		};
		2A1D4D1A2C9C000100000091 /* Release */ = {
			isa = XCBuildConfiguration;
			buildSettings = {
				ALWAYS_SEARCH_USER_PATHS = NO;
				CLANG_ENABLE_MODULES = YES;
				CLANG_ENABLE_OBJC_ARC = YES;
				CLANG_WARN_DOCUMENTATION_COMMENTS = YES;
				CLANG_WARN_EMPTY_BODY = YES;
				CLANG_WARN_INT_CONVERSION = YES;
				CLANG_WARN_NON_LITERAL_NULL_CONVERSION = YES;
				CLANG_WARN_OBJC_ROOT_CLASS = YES_ERROR;
				CLANG_WARN_QUOTED_INCLUDE_IN_FRAMEWORK_HEADER = YES;
				CLANG_WARN_STRICT_PROTOTYPES = YES;
				COPY_PHASE_STRIP = YES;
				DEBUG_INFORMATION_FORMAT = "dwarf-with-dsym";
				DEVELOPMENT_TEAM = "";
				ENABLE_NS_ASSERTIONS = NO;
				ENABLE_STRICT_OBJC_MSGSEND = YES;
				GCC_C_LANGUAGE_STANDARD = gnu11;
				GCC_NO_COMMON_BLOCKS = YES;
				GCC_WARN_64_TO_32_BIT_CONVERSION = YES;
				GCC_WARN_ABOUT_RETURN_TYPE = YES_ERROR;
				GCC_WARN_UNDECLARED_SELECTOR = YES;
				GCC_WARN_UNINITIALIZED_AUTOS = YES_AGGRESSIVE;
				GCC_WARN_UNUSED_FUNCTION = YES;
				GCC_WARN_UNUSED_VARIABLE = YES;
				GENERATE_INFOPLIST_FILE = NO;
				INFOPLIST_FILE = MiniTodoiOS/Info.plist;
				IPHONEOS_DEPLOYMENT_TARGET = 16.0;
				MTL_ENABLE_DEBUG_INFO = NO;
				PRODUCT_BUNDLE_IDENTIFIER = com.franciscoperez.MiniTodo;
				PRODUCT_NAME = MiniTodo;
				SDKROOT = iphoneos;
				SUPPORTED_PLATFORMS = "iphoneos iphonesimulator";
				SWIFT_VERSION = 6.0;
				TARGETED_DEVICE_FAMILY = 1;
				VALIDATE_PRODUCT = YES;
			};
			name = Release;
		};
		2A1D4D1A2C9C0001000000A0 /* Debug */ = {
			isa = XCBuildConfiguration;
			buildSettings = {
				CODE_SIGN_STYLE = Automatic;
				CURRENT_PROJECT_VERSION = 1;
				DEVELOPMENT_TEAM = 37U2BC5UXJ;
				GENERATE_INFOPLIST_FILE = NO;
				INFOPLIST_FILE = MiniTodoiOS/Info.plist;
				IPHONEOS_DEPLOYMENT_TARGET = 16.0;
				LD_RUNPATH_SEARCH_PATHS = (
					"$(inherited)",
					"@executable_path/Frameworks",
				);
				MARKETING_VERSION = 1.0;
				PRODUCT_BUNDLE_IDENTIFIER = com.franciscoperez.MiniTodo;
				PRODUCT_NAME = "$(TARGET_NAME)";
				SDKROOT = iphoneos;
				SUPPORTED_PLATFORMS = "iphoneos iphonesimulator";
				SWIFT_EMIT_LOC_STRINGS = YES;
				SWIFT_VERSION = 6.0;
				TARGETED_DEVICE_FAMILY = 1;
			};
			name = Debug;
		};
		2A1D4D1A2C9C0001000000A1 /* Release */ = {
			isa = XCBuildConfiguration;
			buildSettings = {
				CODE_SIGN_STYLE = Automatic;
				CURRENT_PROJECT_VERSION = 1;
				DEVELOPMENT_TEAM = 37U2BC5UXJ;
				GENERATE_INFOPLIST_FILE = NO;
				INFOPLIST_FILE = MiniTodoiOS/Info.plist;
				IPHONEOS_DEPLOYMENT_TARGET = 16.0;
				LD_RUNPATH_SEARCH_PATHS = (
					"$(inherited)",
					"@executable_path/Frameworks",
				);
				MARKETING_VERSION = 1.0;
				PRODUCT_BUNDLE_IDENTIFIER = com.franciscoperez.MiniTodo;
				PRODUCT_NAME = "$(TARGET_NAME)";
				SDKROOT = iphoneos;
				SUPPORTED_PLATFORMS = "iphoneos iphonesimulator";
				SWIFT_EMIT_LOC_STRINGS = YES;
				SWIFT_VERSION = 6.0;
				TARGETED_DEVICE_FAMILY = 1;
			};
			name = Release;
		};
/* End XCBuildConfiguration section */

/* Begin XCConfigurationList section */
		2A1D4D1A2C9C000100000060 /* Build configuration list for PBXNativeTarget "MiniTodo" */ = {
			isa = XCConfigurationList;
			buildConfigurations = (
				2A1D4D1A2C9C0001000000A0 /* Debug */,
				2A1D4D1A2C9C0001000000A1 /* Release */,
			);
			defaultConfigurationIsVisible = 0;
			defaultConfigurationName = Release;
		};
		2A1D4D1A2C9C000100000080 /* Build configuration list for PBXProject "MiniTodo" */ = {
			isa = XCConfigurationList;
			buildConfigurations = (
				2A1D4D1A2C9C000100000090 /* Debug */,
				2A1D4D1A2C9C000100000091 /* Release */,
			);
			defaultConfigurationIsVisible = 0;
			defaultConfigurationName = Release;
		};
/* End XCConfigurationList section */
	};
	rootObject = 2A1D4D1A2C9C000100000070 /* Project object */;
}
